
Microsoft Visual Studio Solution File, Format Version 11.00
# Visual Studio 2010
Project("{FAE04EC0-301F-11D3-BF4B-00C04F79EFBC}") = "RogueAssassin", "RogueAssassin.csproj", "{5CD5C165-FAE6-4B7A-B0F9-A3ED230D3751}"
EndProject
Global
	GlobalSection(SolutionConfigurationPlatforms) = preSolution
		Debug|Any CPU = Debug|Any CPU
		Release|Any CPU = Release|Any CPU
	EndGlobalSection
	GlobalSection(ProjectConfigurationPlatforms) = postSolution
		{5CD5C165-FAE6-4B7A-B0F9-A3ED230D3751}.Debug|Any CPU.ActiveCfg = Debug|Any CPU
		{5CD5C165-FAE6-4B7A-B0F9-A3ED230D3751}.Debug|Any CPU.Build.0 = Debug|Any CPU
		{5CD5C165-FAE6-4B7A-B0F9-A3ED230D3751}.Release|Any CPU.ActiveCfg = Release|Any CPU
		{5CD5C165-FAE6-4B7A-B0F9-A3ED230D3751}.Release|Any CPU.Build.0 = Release|Any CPU
	EndGlobalSection
	GlobalSection(SolutionProperties) = preSolution
		HideSolutionNode = FALSE
	EndGlobalSection
EndGlobal
